
Microsoft Visual Studio Solution File, Format Version 12.00
# Visual Studio Version 17
VisualStudioVersion = 17.4.33122.133
MinimumVisualStudioVersion = 10.0.40219.1
Project("{9A19103F-16F7-4668-BE54-9A1E7A4F7556}") = "FactuLib", "FactuLib\FactuLib.csproj", "{4FCDF417-2130-4DE9-9B6F-C15544F0369D}"
EndProject
Global
	GlobalSection(SolutionConfigurationPlatforms) = preSolution
		Debug|Any CPU = Debug|Any CPU
		Release|Any CPU = Release|Any CPU
	EndGlobalSection
	GlobalSection(ProjectConfigurationPlatforms) = postSolution
		{4FCDF417-2130-4DE9-9B6F-C15544F0369D}.Debug|Any CPU.ActiveCfg = Debug|Any CPU
		{4FCDF417-2130-4DE9-9B6F-C15544F0369D}.Debug|Any CPU.Build.0 = Debug|Any CPU
		{4FCDF417-2130-4DE9-9B6F-C15544F0369D}.Release|Any CPU.ActiveCfg = Release|Any CPU
		{4FCDF417-2130-4DE9-9B6F-C15544F0369D}.Release|Any CPU.Build.0 = Release|Any CPU
	EndGlobalSection
	GlobalSection(SolutionProperties) = preSolution
		HideSolutionNode = FALSE
	EndGlobalSection
	GlobalSection(ExtensibilityGlobals) = postSolution
		SolutionGuid = {EAC878A7-3F66-45A1-B403-014D18A6F00B}
	EndGlobalSection
EndGlobal
